<?xml version="1.0" encoding="utf-8"?>
<Project ToolsVersion="4.0" xmlns="http://schemas.microsoft.com/developer/msbuild/2003">
  <ItemGroup>
    <Filter Include="소스 파일">
      <UniqueIdentifier>{4FC737F1-C7A5-4376-A066-2A32D752A2FF}</UniqueIdentifier>
      <Extensions>cpp;c;cc;cxx;c++;cppm;ixx;def;odl;idl;hpj;bat;asm;asmx</Extensions>
    </Filter>
    <Filter Include="헤더 파일">
      <UniqueIdentifier>{93995380-89BD-4b04-88EB-625FBE52EBFB}</UniqueIdentifier>
      <Extensions>h;hh;hpp;hxx;h++;hm;inl;inc;ipp;xsd</Extensions>
    </Filter>
    <Filter Include="리소스 파일">
      <UniqueIdentifier>{67DA6AB6-F800-4c08-8B7A-83BB121AAD01}</UniqueIdentifier>
      <Extensions>rc;ico;cur;bmp;dlg;rc2;rct;bin;rgs;gif;jpg;jpeg;jpe;resx;tiff;tif;png;wav;mfcribbon-ms</Extensions>
    </Filter>
    <Filter Include="소스 파일\DataStructure">
      <UniqueIdentifier>{5d3fcf7e-6cba-47f3-8210-991bba8447d2}</UniqueIdentifier>
    </Filter>
    <Filter Include="소스 파일\MemoryPool">
      <UniqueIdentifier>{59231403-2d5b-4ede-bac0-5a1c80b2ea31}</UniqueIdentifier>
    </Filter>
    <Filter Include="소스 파일\Network">
      <UniqueIdentifier>{3394d6cd-4f31-41d4-9471-74dcf6256277}</UniqueIdentifier>
    </Filter>
    <Filter Include="소스 파일\Contents">
      <UniqueIdentifier>{e7a04c1b-c630-49df-bd45-f0c974878bb5}</UniqueIdentifier>
    </Filter>
    <Filter Include="소스 파일\Debugging">
      <UniqueIdentifier>{b9379fec-2f6a-43fd-ac4c-4fd38fb0a4cd}</UniqueIdentifier>
    </Filter>
  </ItemGroup>
  <ItemGroup>
    <ClInclude Include="CLockFreeQueue.h">
      <Filter>소스 파일\DataStructure</Filter>
    </ClInclude>
    <ClInclude Include="CLockFreeStack.h">
      <Filter>소스 파일\DataStructure</Filter>
    </ClInclude>
    <ClInclude Include="CRingBuffer.h">
      <Filter>소스 파일\DataStructure</Filter>
    </ClInclude>
    <ClInclude Include="CrashDump.h">
      <Filter>소스 파일\Debugging</Filter>
    </ClInclude>
    <ClInclude Include="Protocol.h">
      <Filter>소스 파일\Contents</Filter>
    </ClInclude>
    <ClInclude Include="ContentsDefine.h">
      <Filter>소스 파일\Contents</Filter>
    </ClInclude>
    <ClInclude Include="MemoryPool.h">
      <Filter>소스 파일\MemoryPool</Filter>
    </ClInclude>
    <ClInclude Include="MemoryPoolTLS.h">
      <Filter>소스 파일\MemoryPool</Filter>
    </ClInclude>
    <ClInclude Include="CLanServer.h">
      <Filter>소스 파일\Network</Filter>
    </ClInclude>
    <ClInclude Include="CLanPacket.h">
      <Filter>소스 파일\DataStructure</Filter>
    </ClInclude>
    <ClInclude Include="Contents.h">
      <Filter>소스 파일\Contents</Filter>
    </ClInclude>
  </ItemGroup>
  <ItemGroup>
    <ClCompile Include="CrashDump.cpp">
      <Filter>소스 파일\Debugging</Filter>
    </ClCompile>
    <ClCompile Include="CLanServer.cpp">
      <Filter>소스 파일\Network</Filter>
    </ClCompile>
    <ClCompile Include="CLanPacket.cpp">
      <Filter>소스 파일\DataStructure</Filter>
    </ClCompile>
    <ClCompile Include="main.cpp">
      <Filter>소스 파일</Filter>
    </ClCompile>
    <ClCompile Include="CRingBuffer.cpp">
      <Filter>소스 파일\DataStructure</Filter>
    </ClCompile>
    <ClCompile Include="Contents.cpp">
      <Filter>소스 파일\Contents</Filter>
    </ClCompile>
  </ItemGroup>
</Project>